github.com/adityatelange/hugo-PaperMod v0.0.0-20221112073733-4bd96d62719b h1:qVMvCj2yHk9oXrUSKmgtF1H4OiKE9unXClYnhMLOUHA=
github.com/adityatelange/hugo-PaperMod v0.0.0-20221112073733-4bd96d62719b/go.mod h1:HCHxNMKYdGafUYjVV3ICiAqznZK2yH0iI53jqcDFDdQ=
github.com/apvarun/digital-garden-hugo-theme v0.0.0-20220901161940-45ed19a194f4 h1:KHOLz2x7rG59pkxk9LskCnmDNHgRrrrrVxG+MzZzTMs=
github.com/apvarun/digital-garden-hugo-theme v0.0.0-20220901161940-45ed19a194f4/go.mod h1:6gGagKjIWckWAw/dbMwXQpL/Sew5KrwhuSLqhjEfdVc=
github.com/nunocoracao/blowfish/v2 v2.14.1 h1:WCm+FohEVbh5mLEH3c05PJ8u0ErM/Maeo67KE0oaZnc=
github.com/nunocoracao/blowfish/v2 v2.14.1/go.mod h1:4SkMc+Ht8gpQCwArqiHMBDP3soxi2OWuAhVney+cuyk=
